
Microsoft Visual Studio Solution File, Format Version 12.00
# Visual Studio 15
VisualStudioVersion = 15.0.28124.53
MinimumVisualStudioVersion = 10.0.40219.1
Project("{FAE04EC0-301F-11D3-BF4B-00C04F79EFBC}") = "AdaptiveCardsAndProjectRome.Receiver", "AdaptiveCardsAndProjectRome.Receiver\AdaptiveCardsAndProjectRome.Receiver.csproj", "{B86D94A0-20BA-420B-845A-7CBD1D174148}"
EndProject
Project("{FAE04EC0-301F-11D3-BF4B-00C04F79EFBC}") = "AdaptiveCardsAndProjectRome.Sender", "AdaptiveCardsAndProjectRome.Sender\AdaptiveCardsAndProjectRome.Sender.csproj", "{0D75E4AD-488E-408B-AA4B-A5DC90A9233C}"
EndProject
Project("{FAE04EC0-301F-11D3-BF4B-00C04F79EFBC}") = "AdaptiveCardsAndProjectRome.Shared", "AdaptiveCardsAndProjectRome.Shared\AdaptiveCardsAndProjectRome.Shared.csproj", "{9EEAC78E-28C7-4FBF-B2E2-DB894AAEC741}"
EndProject
Global
	GlobalSection(SolutionConfigurationPlatforms) = preSolution
		Debug|Any CPU = Debug|Any CPU
		Debug|ARM = Debug|ARM
		Debug|ARM64 = Debug|ARM64
		Debug|x64 = Debug|x64
		Debug|x86 = Debug|x86
		Release|Any CPU = Release|Any CPU
		Release|ARM = Release|ARM
		Release|ARM64 = Release|ARM64
		Release|x64 = Release|x64
		Release|x86 = Release|x86
	EndGlobalSection
	GlobalSection(ProjectConfigurationPlatforms) = postSolution
		{B86D94A0-20BA-420B-845A-7CBD1D174148}.Debug|Any CPU.ActiveCfg = Debug|x86
		{B86D94A0-20BA-420B-845A-7CBD1D174148}.Debug|ARM.ActiveCfg = Debug|ARM
		{B86D94A0-20BA-420B-845A-7CBD1D174148}.Debug|ARM.Build.0 = Debug|ARM
		{B86D94A0-20BA-420B-845A-7CBD1D174148}.Debug|ARM.Deploy.0 = Debug|ARM
		{B86D94A0-20BA-420B-845A-7CBD1D174148}.Debug|ARM64.ActiveCfg = Debug|ARM64
		{B86D94A0-20BA-420B-845A-7CBD1D174148}.Debug|ARM64.Build.0 = Debug|ARM64
		{B86D94A0-20BA-420B-845A-7CBD1D174148}.Debug|ARM64.Deploy.0 = Debug|ARM64
		{B86D94A0-20BA-420B-845A-7CBD1D174148}.Debug|x64.ActiveCfg = Debug|x64
		{B86D94A0-20BA-420B-845A-7CBD1D174148}.Debug|x64.Build.0 = Debug|x64
		{B86D94A0-20BA-420B-845A-7CBD1D174148}.Debug|x64.Deploy.0 = Debug|x64
		{B86D94A0-20BA-420B-845A-7CBD1D174148}.Debug|x86.ActiveCfg = Debug|x86
		{B86D94A0-20BA-420B-845A-7CBD1D174148}.Debug|x86.Build.0 = Debug|x86
		{B86D94A0-20BA-420B-845A-7CBD1D174148}.Debug|x86.Deploy.0 = Debug|x86
		{B86D94A0-20BA-420B-845A-7CBD1D174148}.Release|Any CPU.ActiveCfg = Release|x86
		{B86D94A0-20BA-420B-845A-7CBD1D174148}.Release|ARM.ActiveCfg = Release|ARM
		{B86D94A0-20BA-420B-845A-7CBD1D174148}.Release|ARM.Build.0 = Release|ARM
		{B86D94A0-20BA-420B-845A-7CBD1D174148}.Release|ARM.Deploy.0 = Release|ARM
		{B86D94A0-20BA-420B-845A-7CBD1D174148}.Release|ARM64.ActiveCfg = Release|ARM64
		{B86D94A0-20BA-420B-845A-7CBD1D174148}.Release|ARM64.Build.0 = Release|ARM64
		{B86D94A0-20BA-420B-845A-7CBD1D174148}.Release|ARM64.Deploy.0 = Release|ARM64
		{B86D94A0-20BA-420B-845A-7CBD1D174148}.Release|x64.ActiveCfg = Release|x64
		{B86D94A0-20BA-420B-845A-7CBD1D174148}.Release|x64.Build.0 = Release|x64
		{B86D94A0-20BA-420B-845A-7CBD1D174148}.Release|x64.Deploy.0 = Release|x64
		{B86D94A0-20BA-420B-845A-7CBD1D174148}.Release|x86.ActiveCfg = Release|x86
		{B86D94A0-20BA-420B-845A-7CBD1D174148}.Release|x86.Build.0 = Release|x86
		{B86D94A0-20BA-420B-845A-7CBD1D174148}.Release|x86.Deploy.0 = Release|x86
		{0D75E4AD-488E-408B-AA4B-A5DC90A9233C}.Debug|Any CPU.ActiveCfg = Debug|x86
		{0D75E4AD-488E-408B-AA4B-A5DC90A9233C}.Debug|ARM.ActiveCfg = Debug|ARM
		{0D75E4AD-488E-408B-AA4B-A5DC90A9233C}.Debug|ARM.Build.0 = Debug|ARM
		{0D75E4AD-488E-408B-AA4B-A5DC90A9233C}.Debug|ARM.Deploy.0 = Debug|ARM
		{0D75E4AD-488E-408B-AA4B-A5DC90A9233C}.Debug|ARM64.ActiveCfg = Debug|ARM64
		{0D75E4AD-488E-408B-AA4B-A5DC90A9233C}.Debug|ARM64.Build.0 = Debug|ARM64
		{0D75E4AD-488E-408B-AA4B-A5DC90A9233C}.Debug|ARM64.Deploy.0 = Debug|ARM64
		{0D75E4AD-488E-408B-AA4B-A5DC90A9233C}.Debug|x64.ActiveCfg = Debug|x64
		{0D75E4AD-488E-408B-AA4B-A5DC90A9233C}.Debug|x64.Build.0 = Debug|x64
		{0D75E4AD-488E-408B-AA4B-A5DC90A9233C}.Debug|x64.Deploy.0 = Debug|x64
		{0D75E4AD-488E-408B-AA4B-A5DC90A9233C}.Debug|x86.ActiveCfg = Debug|x86
		{0D75E4AD-488E-408B-AA4B-A5DC90A9233C}.Debug|x86.Build.0 = Debug|x86
		{0D75E4AD-488E-408B-AA4B-A5DC90A9233C}.Debug|x86.Deploy.0 = Debug|x86
		{0D75E4AD-488E-408B-AA4B-A5DC90A9233C}.Release|Any CPU.ActiveCfg = Release|x86
		{0D75E4AD-488E-408B-AA4B-A5DC90A9233C}.Release|ARM.ActiveCfg = Release|ARM
		{0D75E4AD-488E-408B-AA4B-A5DC90A9233C}.Release|ARM.Build.0 = Release|ARM
		{0D75E4AD-488E-408B-AA4B-A5DC90A9233C}.Release|ARM.Deploy.0 = Release|ARM
		{0D75E4AD-488E-408B-AA4B-A5DC90A9233C}.Release|ARM64.ActiveCfg = Release|ARM64
		{0D75E4AD-488E-408B-AA4B-A5DC90A9233C}.Release|ARM64.Build.0 = Release|ARM64
		{0D75E4AD-488E-408B-AA4B-A5DC90A9233C}.Release|ARM64.Deploy.0 = Release|ARM64
		{0D75E4AD-488E-408B-AA4B-A5DC90A9233C}.Release|x64.ActiveCfg = Release|x64
		{0D75E4AD-488E-408B-AA4B-A5DC90A9233C}.Release|x64.Build.0 = Release|x64
		{0D75E4AD-488E-408B-AA4B-A5DC90A9233C}.Release|x64.Deploy.0 = Release|x64
		{0D75E4AD-488E-408B-AA4B-A5DC90A9233C}.Release|x86.ActiveCfg = Release|x86
		{0D75E4AD-488E-408B-AA4B-A5DC90A9233C}.Release|x86.Build.0 = Release|x86
		{0D75E4AD-488E-408B-AA4B-A5DC90A9233C}.Release|x86.Deploy.0 = Release|x86
		{9EEAC78E-28C7-4FBF-B2E2-DB894AAEC741}.Debug|Any CPU.ActiveCfg = Debug|Any CPU
		{9EEAC78E-28C7-4FBF-B2E2-DB894AAEC741}.Debug|Any CPU.Build.0 = Debug|Any CPU
		{9EEAC78E-28C7-4FBF-B2E2-DB894AAEC741}.Debug|ARM.ActiveCfg = Debug|ARM
		{9EEAC78E-28C7-4FBF-B2E2-DB894AAEC741}.Debug|ARM.Build.0 = Debug|ARM
		{9EEAC78E-28C7-4FBF-B2E2-DB894AAEC741}.Debug|ARM64.ActiveCfg = Debug|ARM64
		{9EEAC78E-28C7-4FBF-B2E2-DB894AAEC741}.Debug|ARM64.Build.0 = Debug|ARM64
		{9EEAC78E-28C7-4FBF-B2E2-DB894AAEC741}.Debug|x64.ActiveCfg = Debug|x64
		{9EEAC78E-28C7-4FBF-B2E2-DB894AAEC741}.Debug|x64.Build.0 = Debug|x64
		{9EEAC78E-28C7-4FBF-B2E2-DB894AAEC741}.Debug|x86.ActiveCfg = Debug|x86
		{9EEAC78E-28C7-4FBF-B2E2-DB894AAEC741}.Debug|x86.Build.0 = Debug|x86
		{9EEAC78E-28C7-4FBF-B2E2-DB894AAEC741}.Release|Any CPU.ActiveCfg = Release|Any CPU
		{9EEAC78E-28C7-4FBF-B2E2-DB894AAEC741}.Release|Any CPU.Build.0 = Release|Any CPU
		{9EEAC78E-28C7-4FBF-B2E2-DB894AAEC741}.Release|ARM.ActiveCfg = Release|ARM
		{9EEAC78E-28C7-4FBF-B2E2-DB894AAEC741}.Release|ARM.Build.0 = Release|ARM
		{9EEAC78E-28C7-4FBF-B2E2-DB894AAEC741}.Release|ARM64.ActiveCfg = Release|ARM64
		{9EEAC78E-28C7-4FBF-B2E2-DB894AAEC741}.Release|ARM64.Build.0 = Release|ARM64
		{9EEAC78E-28C7-4FBF-B2E2-DB894AAEC741}.Release|x64.ActiveCfg = Release|x64
		{9EEAC78E-28C7-4FBF-B2E2-DB894AAEC741}.Release|x64.Build.0 = Release|x64
		{9EEAC78E-28C7-4FBF-B2E2-DB894AAEC741}.Release|x86.ActiveCfg = Release|x86
		{9EEAC78E-28C7-4FBF-B2E2-DB894AAEC741}.Release|x86.Build.0 = Release|x86
	EndGlobalSection
	GlobalSection(SolutionProperties) = preSolution
		HideSolutionNode = FALSE
	EndGlobalSection
	GlobalSection(ExtensibilityGlobals) = postSolution
		SolutionGuid = {EF5A229E-C220-48DE-8A28-E8DA982C53B7}
	EndGlobalSection
EndGlobal
